
Microsoft Visual Studio Solution File, Format Version 12.00
# Visual Studio 15
VisualStudioVersion = 15.0.27130.2020
MinimumVisualStudioVersion = 10.0.40219.1
Project("{FAE04EC0-301F-11D3-BF4B-00C04F79EFBC}") = "GidraSIM.Core.Model", "GidraSIM.Core.Model\GidraSIM.Core.Model.csproj", "{49F3EF53-5534-4D59-ACF3-D2C50D83CCE8}"
EndProject
Project("{FAE04EC0-301F-11D3-BF4B-00C04F79EFBC}") = "GidraSIM.GUI.Core", "GidraSIM.CoreGUI\GidraSIM.GUI.Core.csproj", "{73B2445E-E1D6-4526-BE09-FE306AC960BF}"
EndProject
Project("{FAE04EC0-301F-11D3-BF4B-00C04F79EFBC}") = "GidraSIM.Core.Test", "GidraSIM.Core.Test\GidraSIM.Core.Test.csproj", "{60F14296-8252-4248-A224-323CD5142775}"
EndProject
Project("{FAE04EC0-301F-11D3-BF4B-00C04F79EFBC}") = "GidraSIM.GUI", "GidraSIM.GUI\GidraSIM.GUI.csproj", "{A8DABEAE-C41E-4ECA-86CE-FAA21E8D2248}"
EndProject
Project("{FAE04EC0-301F-11D3-BF4B-00C04F79EFBC}") = "GidraSIM.SaveTest", "GidraSIM.SaveTest\GidraSIM.SaveTest.csproj", "{547B6553-E0F7-4644-92EF-7DFCCA71283E}"
EndProject
Project("{54435603-DBB4-11D2-8724-00A0C9A8B90C}") = "GidraSIM.GUI.Setup", "GidraSIM.GUI.Setup\GidraSIM.GUI.Setup.vdproj", "{EB70B482-BF94-4CEA-8B4F-F0DFB0973EDA}"
EndProject
Project("{FAE04EC0-301F-11D3-BF4B-00C04F79EFBC}") = "GidraSim.Model", "GidraSim.Model\GidraSim.Model.csproj", "{4F0B5A8C-EF53-4A1E-B52B-86FBD78ECF8B}"
EndProject
Project("{FAE04EC0-301F-11D3-BF4B-00C04F79EFBC}") = "GidraSIM.DataLayer", "GidraSIM.DataLayer\GidraSIM.DataLayer.csproj", "{E01D09EC-4365-469E-A351-F48E9340B0C2}"
EndProject
Project("{FAE04EC0-301F-11D3-BF4B-00C04F79EFBC}") = "GidraSIM.DataLayer.MSSQL", "GidraSIM.DataLayer.MSSQL\GidraSIM.DataLayer.MSSQL.csproj", "{5F345990-2F35-45EA-B531-938ED93E4C01}"
EndProject
Project("{FAE04EC0-301F-11D3-BF4B-00C04F79EFBC}") = "GidraSim.BaseRedactor", "GidraSim.BaseRedactor\GidraSim.BaseRedactor.csproj", "{FB91C2D2-D751-4266-BD16-A959704A8D4B}"
EndProject
Global
	GlobalSection(SolutionConfigurationPlatforms) = preSolution
		Debug|Any CPU = Debug|Any CPU
		Debug|x86 = Debug|x86
		Release|Any CPU = Release|Any CPU
		Release|x86 = Release|x86
	EndGlobalSection
	GlobalSection(ProjectConfigurationPlatforms) = postSolution
		{49F3EF53-5534-4D59-ACF3-D2C50D83CCE8}.Debug|Any CPU.ActiveCfg = Debug|Any CPU
		{49F3EF53-5534-4D59-ACF3-D2C50D83CCE8}.Debug|Any CPU.Build.0 = Debug|Any CPU
		{49F3EF53-5534-4D59-ACF3-D2C50D83CCE8}.Debug|x86.ActiveCfg = Debug|Any CPU
		{49F3EF53-5534-4D59-ACF3-D2C50D83CCE8}.Debug|x86.Build.0 = Debug|Any CPU
		{49F3EF53-5534-4D59-ACF3-D2C50D83CCE8}.Release|Any CPU.ActiveCfg = Release|Any CPU
		{49F3EF53-5534-4D59-ACF3-D2C50D83CCE8}.Release|Any CPU.Build.0 = Release|Any CPU
		{49F3EF53-5534-4D59-ACF3-D2C50D83CCE8}.Release|x86.ActiveCfg = Release|Any CPU
		{49F3EF53-5534-4D59-ACF3-D2C50D83CCE8}.Release|x86.Build.0 = Release|Any CPU
		{73B2445E-E1D6-4526-BE09-FE306AC960BF}.Debug|Any CPU.ActiveCfg = Debug|Any CPU
		{73B2445E-E1D6-4526-BE09-FE306AC960BF}.Debug|Any CPU.Build.0 = Debug|Any CPU
		{73B2445E-E1D6-4526-BE09-FE306AC960BF}.Debug|x86.ActiveCfg = Debug|Any CPU
		{73B2445E-E1D6-4526-BE09-FE306AC960BF}.Debug|x86.Build.0 = Debug|Any CPU
		{73B2445E-E1D6-4526-BE09-FE306AC960BF}.Release|Any CPU.ActiveCfg = Release|Any CPU
		{73B2445E-E1D6-4526-BE09-FE306AC960BF}.Release|Any CPU.Build.0 = Release|Any CPU
		{73B2445E-E1D6-4526-BE09-FE306AC960BF}.Release|x86.ActiveCfg = Release|Any CPU
		{73B2445E-E1D6-4526-BE09-FE306AC960BF}.Release|x86.Build.0 = Release|Any CPU
		{60F14296-8252-4248-A224-323CD5142775}.Debug|Any CPU.ActiveCfg = Debug|Any CPU
		{60F14296-8252-4248-A224-323CD5142775}.Debug|Any CPU.Build.0 = Debug|Any CPU
		{60F14296-8252-4248-A224-323CD5142775}.Debug|x86.ActiveCfg = Debug|Any CPU
		{60F14296-8252-4248-A224-323CD5142775}.Debug|x86.Build.0 = Debug|Any CPU
		{60F14296-8252-4248-A224-323CD5142775}.Release|Any CPU.ActiveCfg = Release|Any CPU
		{60F14296-8252-4248-A224-323CD5142775}.Release|Any CPU.Build.0 = Release|Any CPU
		{60F14296-8252-4248-A224-323CD5142775}.Release|x86.ActiveCfg = Release|Any CPU
		{60F14296-8252-4248-A224-323CD5142775}.Release|x86.Build.0 = Release|Any CPU
		{A8DABEAE-C41E-4ECA-86CE-FAA21E8D2248}.Debug|Any CPU.ActiveCfg = Debug|Any CPU
		{A8DABEAE-C41E-4ECA-86CE-FAA21E8D2248}.Debug|Any CPU.Build.0 = Debug|Any CPU
		{A8DABEAE-C41E-4ECA-86CE-FAA21E8D2248}.Debug|x86.ActiveCfg = Debug|Any CPU
		{A8DABEAE-C41E-4ECA-86CE-FAA21E8D2248}.Debug|x86.Build.0 = Debug|Any CPU
		{A8DABEAE-C41E-4ECA-86CE-FAA21E8D2248}.Release|Any CPU.ActiveCfg = Release|Any CPU
		{A8DABEAE-C41E-4ECA-86CE-FAA21E8D2248}.Release|Any CPU.Build.0 = Release|Any CPU
		{A8DABEAE-C41E-4ECA-86CE-FAA21E8D2248}.Release|x86.ActiveCfg = Release|Any CPU
		{A8DABEAE-C41E-4ECA-86CE-FAA21E8D2248}.Release|x86.Build.0 = Release|Any CPU
		{547B6553-E0F7-4644-92EF-7DFCCA71283E}.Debug|Any CPU.ActiveCfg = Debug|Any CPU
		{547B6553-E0F7-4644-92EF-7DFCCA71283E}.Debug|Any CPU.Build.0 = Debug|Any CPU
		{547B6553-E0F7-4644-92EF-7DFCCA71283E}.Debug|x86.ActiveCfg = Debug|Any CPU
		{547B6553-E0F7-4644-92EF-7DFCCA71283E}.Debug|x86.Build.0 = Debug|Any CPU
		{547B6553-E0F7-4644-92EF-7DFCCA71283E}.Release|Any CPU.ActiveCfg = Release|Any CPU
		{547B6553-E0F7-4644-92EF-7DFCCA71283E}.Release|Any CPU.Build.0 = Release|Any CPU
		{547B6553-E0F7-4644-92EF-7DFCCA71283E}.Release|x86.ActiveCfg = Release|Any CPU
		{547B6553-E0F7-4644-92EF-7DFCCA71283E}.Release|x86.Build.0 = Release|Any CPU
		{EB70B482-BF94-4CEA-8B4F-F0DFB0973EDA}.Debug|Any CPU.ActiveCfg = Debug
		{EB70B482-BF94-4CEA-8B4F-F0DFB0973EDA}.Debug|x86.ActiveCfg = Debug
		{EB70B482-BF94-4CEA-8B4F-F0DFB0973EDA}.Release|Any CPU.ActiveCfg = Release
		{EB70B482-BF94-4CEA-8B4F-F0DFB0973EDA}.Release|x86.ActiveCfg = Release
		{4F0B5A8C-EF53-4A1E-B52B-86FBD78ECF8B}.Debug|Any CPU.ActiveCfg = Debug|Any CPU
		{4F0B5A8C-EF53-4A1E-B52B-86FBD78ECF8B}.Debug|Any CPU.Build.0 = Debug|Any CPU
		{4F0B5A8C-EF53-4A1E-B52B-86FBD78ECF8B}.Debug|x86.ActiveCfg = Debug|Any CPU
		{4F0B5A8C-EF53-4A1E-B52B-86FBD78ECF8B}.Debug|x86.Build.0 = Debug|Any CPU
		{4F0B5A8C-EF53-4A1E-B52B-86FBD78ECF8B}.Release|Any CPU.ActiveCfg = Release|Any CPU
		{4F0B5A8C-EF53-4A1E-B52B-86FBD78ECF8B}.Release|Any CPU.Build.0 = Release|Any CPU
		{4F0B5A8C-EF53-4A1E-B52B-86FBD78ECF8B}.Release|x86.ActiveCfg = Release|Any CPU
		{4F0B5A8C-EF53-4A1E-B52B-86FBD78ECF8B}.Release|x86.Build.0 = Release|Any CPU
		{E01D09EC-4365-469E-A351-F48E9340B0C2}.Debug|Any CPU.ActiveCfg = Debug|Any CPU
		{E01D09EC-4365-469E-A351-F48E9340B0C2}.Debug|Any CPU.Build.0 = Debug|Any CPU
		{E01D09EC-4365-469E-A351-F48E9340B0C2}.Debug|x86.ActiveCfg = Debug|Any CPU
		{E01D09EC-4365-469E-A351-F48E9340B0C2}.Debug|x86.Build.0 = Debug|Any CPU
		{E01D09EC-4365-469E-A351-F48E9340B0C2}.Release|Any CPU.ActiveCfg = Release|Any CPU
		{E01D09EC-4365-469E-A351-F48E9340B0C2}.Release|Any CPU.Build.0 = Release|Any CPU
		{E01D09EC-4365-469E-A351-F48E9340B0C2}.Release|x86.ActiveCfg = Release|Any CPU
		{E01D09EC-4365-469E-A351-F48E9340B0C2}.Release|x86.Build.0 = Release|Any CPU
		{5F345990-2F35-45EA-B531-938ED93E4C01}.Debug|Any CPU.ActiveCfg = Debug|Any CPU
		{5F345990-2F35-45EA-B531-938ED93E4C01}.Debug|Any CPU.Build.0 = Debug|Any CPU
		{5F345990-2F35-45EA-B531-938ED93E4C01}.Debug|x86.ActiveCfg = Debug|Any CPU
		{5F345990-2F35-45EA-B531-938ED93E4C01}.Debug|x86.Build.0 = Debug|Any CPU
		{5F345990-2F35-45EA-B531-938ED93E4C01}.Release|Any CPU.ActiveCfg = Release|Any CPU
		{5F345990-2F35-45EA-B531-938ED93E4C01}.Release|Any CPU.Build.0 = Release|Any CPU
		{5F345990-2F35-45EA-B531-938ED93E4C01}.Release|x86.ActiveCfg = Release|Any CPU
		{5F345990-2F35-45EA-B531-938ED93E4C01}.Release|x86.Build.0 = Release|Any CPU
		{FB91C2D2-D751-4266-BD16-A959704A8D4B}.Debug|Any CPU.ActiveCfg = Debug|Any CPU
		{FB91C2D2-D751-4266-BD16-A959704A8D4B}.Debug|Any CPU.Build.0 = Debug|Any CPU
		{FB91C2D2-D751-4266-BD16-A959704A8D4B}.Debug|x86.ActiveCfg = Debug|Any CPU
		{FB91C2D2-D751-4266-BD16-A959704A8D4B}.Debug|x86.Build.0 = Debug|Any CPU
		{FB91C2D2-D751-4266-BD16-A959704A8D4B}.Release|Any CPU.ActiveCfg = Release|Any CPU
		{FB91C2D2-D751-4266-BD16-A959704A8D4B}.Release|Any CPU.Build.0 = Release|Any CPU
		{FB91C2D2-D751-4266-BD16-A959704A8D4B}.Release|x86.ActiveCfg = Release|Any CPU
		{FB91C2D2-D751-4266-BD16-A959704A8D4B}.Release|x86.Build.0 = Release|Any CPU
	EndGlobalSection
	GlobalSection(SolutionProperties) = preSolution
		HideSolutionNode = FALSE
	EndGlobalSection
	GlobalSection(ExtensibilityGlobals) = postSolution
		SolutionGuid = {C19DBFC5-7434-4B14-9D1D-B05ED466F4BD}
	EndGlobalSection
EndGlobal
